// !$*UTF8*$!
{
	archiveVersion = 1;
	classes = {
	};
	objectVersion = 50;
	objects = {

/* Begin PBXBuildFile section */
		DB6024FB2138E4DB00A6CDF5 /* AppDelegate.m in Sources */ = {isa = PBXBuildFile; fileRef = DB6024FA2138E4DB00A6CDF5 /* AppDelegate.m */; };
		DB6024FE2138E4DB00A6CDF5 /* ViewController.m in Sources */ = {isa = PBXBuildFile; fileRef = DB6024FD2138E4DB00A6CDF5 /* ViewController.m */; };
		DB6025012138E4DB00A6CDF5 /* Main.storyboard in Resources */ = {isa = PBXBuildFile; fileRef = DB6024FF2138E4DB00A6CDF5 /* Main.storyboard */; };
		DB6025032138E4DC00A6CDF5 /* Assets.xcassets in Resources */ = {isa = PBXBuildFile; fileRef = DB6025022138E4DC00A6CDF5 /* Assets.xcassets */; };
		DB6025062138E4DC00A6CDF5 /* LaunchScreen.storyboard in Resources */ = {isa = PBXBuildFile; fileRef = DB6025042138E4DC00A6CDF5 /* LaunchScreen.storyboard */; };
		DB6025092138E4DC00A6CDF5 /* main.m in Sources */ = {isa = PBXBuildFile; fileRef = DB6025082138E4DC00A6CDF5 /* main.m */; };
		DB6025102138E4F300A6CDF5 /* lame-ios.framework in Frameworks */ = {isa = PBXBuildFile; fileRef = DB60250F2138E4F300A6CDF5 /* lame-ios.framework */; };
/* End PBXBuildFile section */

/* Begin PBXFileReference section */
		DB6024F62138E4DB00A6CDF5 /* lameTest.app */ = {isa = PBXFileReference; explicitFileType = wrapper.application; includeInIndex = 0; path = lameTest.app; sourceTree = BUILT_PRODUCTS_DIR; };
		DB6024F92138E4DB00A6CDF5 /* AppDelegate.h */ = {isa = PBXFileReference; lastKnownFileType = sourcecode.c.h; path = AppDelegate.h; sourceTree = "<group>"; };
		DB6024FA2138E4DB00A6CDF5 /* AppDelegate.m */ = {isa = PBXFileReference; lastKnownFileType = sourcecode.c.objc; path = AppDelegate.m; sourceTree = "<group>"; };
		DB6024FC2138E4DB00A6CDF5 /* ViewController.h */ = {isa = PBXFileReference; lastKnownFileType = sourcecode.c.h; path = ViewController.h; sourceTree = "<group>"; };
		DB6024FD2138E4DB00A6CDF5 /* ViewController.m */ = {isa = PBXFileReference; lastKnownFileType = sourcecode.c.objc; path = ViewController.m; sourceTree = "<group>"; };
		DB6025002138E4DB00A6CDF5 /* Base */ = {isa = PBXFileReference; lastKnownFileType = file.storyboard; name = Base; path = Base.lproj/Main.storyboard; sourceTree = "<group>"; };
		DB6025022138E4DC00A6CDF5 /* Assets.xcassets */ = {isa = PBXFileReference; lastKnownFileType = folder.assetcatalog; path = Assets.xcassets; sourceTree = "<group>"; };
		DB6025052138E4DC00A6CDF5 /* Base */ = {isa = PBXFileReference; lastKnownFileType = file.storyboard; name = Base; path = Base.lproj/LaunchScreen.storyboard; sourceTree = "<group>"; };
		DB6025072138E4DC00A6CDF5 /* Info.plist */ = {isa = PBXFileReference; lastKnownFileType = text.plist.xml; path = Info.plist; sourceTree = "<group>"; };
		DB6025082138E4DC00A6CDF5 /* main.m */ = {isa = PBXFileReference; lastKnownFileType = sourcecode.c.objc; path = main.m; sourceTree = "<group>"; };
		DB60250F2138E4F300A6CDF5 /* lame-ios.framework */ = {isa = PBXFileReference; lastKnownFileType = wrapper.framework; path = "lame-ios.framework"; sourceTree = "<group>"; };
/* End PBXFileReference section */

/* Begin PBXFrameworksBuildPhase section */
		DB6024F32138E4DB00A6CDF5 /* Frameworks */ = {
			isa = PBXFrameworksBuildPhase;
			buildActionMask = 2147483647;
			files = (
				DB6025102138E4F300A6CDF5 /* lame-ios.framework in Frameworks */,
			);
			runOnlyForDeploymentPostprocessing = 0;
		};
/* End PBXFrameworksBuildPhase section */

/* Begin PBXGroup section */
		DB6024ED2138E4DB00A6CDF5 = {
			isa = PBXGroup;
			children = (
				DB6024F82138E4DB00A6CDF5 /* lameTest */,
				DB6024F72138E4DB00A6CDF5 /* Products */,
			);
			sourceTree = "<group>";
		};
		DB6024F72138E4DB00A6CDF5 /* Products */ = {
			isa = PBXGroup;
			children = (
				DB6024F62138E4DB00A6CDF5 /* lameTest.app */,
			);
			name = Products;
			sourceTree = "<group>";
		};
		DB6024F82138E4DB00A6CDF5 /* lameTest */ = {
			isa = PBXGroup;
			children = (
				DB60250F2138E4F300A6CDF5 /* lame-ios.framework */,
				DB6024F92138E4DB00A6CDF5 /* AppDelegate.h */,
				DB6024FA2138E4DB00A6CDF5 /* AppDelegate.m */,
				DB6024FC2138E4DB00A6CDF5 /* ViewController.h */,
				DB6024FD2138E4DB00A6CDF5 /* ViewController.m */,
				DB6024FF2138E4DB00A6CDF5 /* Main.storyboard */,
				DB6025022138E4DC00A6CDF5 /* Assets.xcassets */,
				DB6025042138E4DC00A6CDF5 /* LaunchScreen.storyboard */,
				DB6025072138E4DC00A6CDF5 /* Info.plist */,
				DB6025082138E4DC00A6CDF5 /* main.m */,
			);
			path = lameTest;
			sourceTree = "<group>";
		};
/* End PBXGroup section */

/* Begin PBXNativeTarget section */
		DB6024F52138E4DB00A6CDF5 /* lameTest */ = {
			isa = PBXNativeTarget;
			buildConfigurationList = DB60250C2138E4DC00A6CDF5 /* Build configuration list for PBXNativeTarget "lameTest" */;
			buildPhases = (
				DB6024F22138E4DB00A6CDF5 /* Sources */,
				DB6024F32138E4DB00A6CDF5 /* Frameworks */,
				DB6024F42138E4DB00A6CDF5 /* Resources */,
			);
			buildRules = (
			);
			dependencies = (
			);
			name = lameTest;
			productName = lameTest;
			productReference = DB6024F62138E4DB00A6CDF5 /* lameTest.app */;
			productType = "com.apple.product-type.application";
		};
/* End PBXNativeTarget section */

/* Begin PBXProject section */
		DB6024EE2138E4DB00A6CDF5 /* Project object */ = {
			isa = PBXProject;
			attributes = {
				LastUpgradeCheck = 0940;
				ORGANIZATIONNAME = wuzhicheng;
				TargetAttributes = {
					DB6024F52138E4DB00A6CDF5 = {
						CreatedOnToolsVersion = 9.4;
					};
				};
			};
			buildConfigurationList = DB6024F12138E4DB00A6CDF5 /* Build configuration list for PBXProject "lameTest" */;
			compatibilityVersion = "Xcode 9.3";
			developmentRegion = en;
			hasScannedForEncodings = 0;
			knownRegions = (
				en,
				Base,
			);
			mainGroup = DB6024ED2138E4DB00A6CDF5;
			productRefGroup = DB6024F72138E4DB00A6CDF5 /* Products */;
			projectDirPath = "";
			projectRoot = "";
			targets = (
				DB6024F52138E4DB00A6CDF5 /* lameTest */,
			);
		};
/* End PBXProject section */

/* Begin PBXResourcesBuildPhase section */
		DB6024F42138E4DB00A6CDF5 /* Resources */ = {
			isa = PBXResourcesBuildPhase;
			buildActionMask = 2147483647;
			files = (
				DB6025062138E4DC00A6CDF5 /* LaunchScreen.storyboard in Resources */,
				DB6025032138E4DC00A6CDF5 /* Assets.xcassets in Resources */,
				DB6025012138E4DB00A6CDF5 /* Main.storyboard in Resources */,
			);
			runOnlyForDeploymentPostprocessing = 0;
		};
/* End PBXResourcesBuildPhase section */

/* Begin PBXSourcesBuildPhase section */
		DB6024F22138E4DB00A6CDF5 /* Sources */ = {
			isa = PBXSourcesBuildPhase;
			buildActionMask = 2147483647;
			files = (
				DB6024FE2138E4DB00A6CDF5 /* ViewController.m in Sources */,
				DB6025092138E4DC00A6CDF5 /* main.m in Sources */,
				DB6024FB2138E4DB00A6CDF5 /* AppDelegate.m in Sources */,
			);
			runOnlyForDeploymentPostprocessing = 0;
		};
/* End PBXSourcesBuildPhase section */

/* Begin PBXVariantGroup section */
		DB6024FF2138E4DB00A6CDF5 /* Main.storyboard */ = {
			isa = PBXVariantGroup;
			children = (
				DB6025002138E4DB00A6CDF5 /* Base */,
			);
			name = Main.storyboard;
			sourceTree = "<group>";
		};
		DB6025042138E4DC00A6CDF5 /* LaunchScreen.storyboard */ = {
			isa = PBXVariantGroup;
			children = (
				DB6025052138E4DC00A6CDF5 /* Base */,
			);
			name = LaunchScreen.storyboard;
			sourceTree = "<group>";
		};
/* End PBXVariantGroup section */

/* Begin XCBuildConfiguration section */
		DB60250A2138E4DC00A6CDF5 /* Debug */ = {
			isa = XCBuildConfiguration;
			buildSettings = {
				ALWAYS_SEARCH_USER_PATHS = NO;
				CLANG_ANALYZER_NONNULL = YES;
				CLANG_ANALYZER_NUMBER_OBJECT_CONVERSION = YES_AGGRESSIVE;
				CLANG_CXX_LANGUAGE_STANDARD = "gnu++14";
				CLANG_CXX_LIBRARY = "libc++";
				CLANG_ENABLE_MODULES = YES;
				CLANG_ENABLE_OBJC_ARC = YES;
				CLANG_ENABLE_OBJC_WEAK = YES;
				CLANG_WARN_BLOCK_CAPTURE_AUTORELEASING = YES;
				CLANG_WARN_BOOL_CONVERSION = YES;
				CLANG_WARN_COMMA = YES;
				CLANG_WARN_CONSTANT_CONVERSION = YES;
				CLANG_WARN_DEPRECATED_OBJC_IMPLEMENTATIONS = YES;
				CLANG_WARN_DIRECT_OBJC_ISA_USAGE = YES_ERROR;
				CLANG_WARN_DOCUMENTATION_COMMENTS = YES;
				CLANG_WARN_EMPTY_BODY = YES;
				CLANG_WARN_ENUM_CONVERSION = YES;
				CLANG_WARN_INFINITE_RECURSION = YES;
				CLANG_WARN_INT_CONVERSION = YES;
				CLANG_WARN_NON_LITERAL_NULL_CONVERSION = YES;
				CLANG_WARN_OBJC_IMPLICIT_RETAIN_SELF = YES;
				CLANG_WARN_OBJC_LITERAL_CONVERSION = YES;
				CLANG_WARN_OBJC_ROOT_CLASS = YES_ERROR;
				CLANG_WARN_RANGE_LOOP_ANALYSIS = YES;
				CLANG_WARN_STRICT_PROTOTYPES = YES;
				CLANG_WARN_SUSPICIOUS_MOVE = YES;
				CLANG_WARN_UNGUARDED_AVAILABILITY = YES_AGGRESSIVE;
				CLANG_WARN_UNREACHABLE_CODE = YES;
				CLANG_WARN__DUPLICATE_METHOD_MATCH = YES;
				CODE_SIGN_IDENTITY = "iPhone Developer";
				COPY_PHASE_STRIP = NO;
				DEBUG_INFORMATION_FORMAT = dwarf;
				ENABLE_STRICT_OBJC_MSGSEND = YES;
				ENABLE_TESTABILITY = YES;
				GCC_C_LANGUAGE_STANDARD = gnu11;
				GCC_DYNAMIC_NO_PIC = NO;
				GCC_NO_COMMON_BLOCKS = YES;
				GCC_OPTIMIZATION_LEVEL = 0;
				GCC_PREPROCESSOR_DEFINITIONS = (
					"DEBUG=1",
					"$(inherited)",
				);
				GCC_WARN_64_TO_32_BIT_CONVERSION = YES;
				GCC_WARN_ABOUT_RETURN_TYPE = YES_ERROR;
				GCC_WARN_UNDECLARED_SELECTOR = YES;
				GCC_WARN_UNINITIALIZED_AUTOS = YES_AGGRESSIVE;
				GCC_WARN_UNUSED_FUNCTION = YES;
				GCC_WARN_UNUSED_VARIABLE = YES;
				IPHONEOS_DEPLOYMENT_TARGET = 11.4;
				MTL_ENABLE_DEBUG_INFO = YES;
				ONLY_ACTIVE_ARCH = YES;
				SDKROOT = iphoneos;
			};
			name = Debug;
		};
		DB60250B2138E4DC00A6CDF5 /* Release */ = {
			isa = XCBuildConfiguration;
			buildSettings = {
				ALWAYS_SEARCH_USER_PATHS = NO;
				CLANG_ANALYZER_NONNULL = YES;
				CLANG_ANALYZER_NUMBER_OBJECT_CONVERSION = YES_AGGRESSIVE;
				CLANG_CXX_LANGUAGE_STANDARD = "gnu++14";
				CLANG_CXX_LIBRARY = "libc++";
				CLANG_ENABLE_MODULES = YES;
				CLANG_ENABLE_OBJC_ARC = YES;
				CLANG_ENABLE_OBJC_WEAK = YES;
				CLANG_WARN_BLOCK_CAPTURE_AUTORELEASING = YES;
				CLANG_WARN_BOOL_CONVERSION = YES;
				CLANG_WARN_COMMA = YES;
				CLANG_WARN_CONSTANT_CONVERSION = YES;
				CLANG_WARN_DEPRECATED_OBJC_IMPLEMENTATIONS = YES;
				CLANG_WARN_DIRECT_OBJC_ISA_USAGE = YES_ERROR;
				CLANG_WARN_DOCUMENTATION_COMMENTS = YES;
				CLANG_WARN_EMPTY_BODY = YES;
				CLANG_WARN_ENUM_CONVERSION = YES;
				CLANG_WARN_INFINITE_RECURSION = YES;
				CLANG_WARN_INT_CONVERSION = YES;
				CLANG_WARN_NON_LITERAL_NULL_CONVERSION = YES;
				CLANG_WARN_OBJC_IMPLICIT_RETAIN_SELF = YES;
				CLANG_WARN_OBJC_LITERAL_CONVERSION = YES;
				CLANG_WARN_OBJC_ROOT_CLASS = YES_ERROR;
				CLANG_WARN_RANGE_LOOP_ANALYSIS = YES;
				CLANG_WARN_STRICT_PROTOTYPES = YES;
				CLANG_WARN_SUSPICIOUS_MOVE = YES;
				CLANG_WARN_UNGUARDED_AVAILABILITY = YES_AGGRESSIVE;
				CLANG_WARN_UNREACHABLE_CODE = YES;
				CLANG_WARN__DUPLICATE_METHOD_MATCH = YES;
				CODE_SIGN_IDENTITY = "iPhone Developer";
				COPY_PHASE_STRIP = NO;
				DEBUG_INFORMATION_FORMAT = "dwarf-with-dsym";
				ENABLE_NS_ASSERTIONS = NO;
				ENABLE_STRICT_OBJC_MSGSEND = YES;
				GCC_C_LANGUAGE_STANDARD = gnu11;
				GCC_NO_COMMON_BLOCKS = YES;
				GCC_WARN_64_TO_32_BIT_CONVERSION = YES;
				GCC_WARN_ABOUT_RETURN_TYPE = YES_ERROR;
				GCC_WARN_UNDECLARED_SELECTOR = YES;
				GCC_WARN_UNINITIALIZED_AUTOS = YES_AGGRESSIVE;
				GCC_WARN_UNUSED_FUNCTION = YES;
				GCC_WARN_UNUSED_VARIABLE = YES;
				IPHONEOS_DEPLOYMENT_TARGET = 11.4;
				MTL_ENABLE_DEBUG_INFO = NO;
				SDKROOT = iphoneos;
				VALIDATE_PRODUCT = YES;
			};
			name = Release;
		};
		DB60250D2138E4DC00A6CDF5 /* Debug */ = {
			isa = XCBuildConfiguration;
			buildSettings = {
				ASSETCATALOG_COMPILER_APPICON_NAME = AppIcon;
				CODE_SIGN_STYLE = Automatic;
				FRAMEWORK_SEARCH_PATHS = (
					"$(inherited)",
					"$(PROJECT_DIR)/lameTest",
				);
				INFOPLIST_FILE = lameTest/Info.plist;
				LD_RUNPATH_SEARCH_PATHS = (
					"$(inherited)",
					"@executable_path/Frameworks",
				);
				PRODUCT_BUNDLE_IDENTIFIER = zhicheng.wu.lameTest;
				PRODUCT_NAME = "$(TARGET_NAME)";
				TARGETED_DEVICE_FAMILY = "1,2";
			};
			name = Debug;
		};
		DB60250E2138E4DC00A6CDF5 /* Release */ = {
			isa = XCBuildConfiguration;
			buildSettings = {
				ASSETCATALOG_COMPILER_APPICON_NAME = AppIcon;
				CODE_SIGN_STYLE = Automatic;
				FRAMEWORK_SEARCH_PATHS = (
					"$(inherited)",
					"$(PROJECT_DIR)/lameTest",
				);
				INFOPLIST_FILE = lameTest/Info.plist;
				LD_RUNPATH_SEARCH_PATHS = (
					"$(inherited)",
					"@executable_path/Frameworks",
				);
				PRODUCT_BUNDLE_IDENTIFIER = zhicheng.wu.lameTest;
				PRODUCT_NAME = "$(TARGET_NAME)";
				TARGETED_DEVICE_FAMILY = "1,2";
			};
			name = Release;
		};
/* End XCBuildConfiguration section */

/* Begin XCConfigurationList section */
		DB6024F12138E4DB00A6CDF5 /* Build configuration list for PBXProject "lameTest" */ = {
			isa = XCConfigurationList;
			buildConfigurations = (
				DB60250A2138E4DC00A6CDF5 /* Debug */,
				DB60250B2138E4DC00A6CDF5 /* Release */,
			);
			defaultConfigurationIsVisible = 0;
			defaultConfigurationName = Release;
		};
		DB60250C2138E4DC00A6CDF5 /* Build configuration list for PBXNativeTarget "lameTest" */ = {
			isa = XCConfigurationList;
			buildConfigurations = (
				DB60250D2138E4DC00A6CDF5 /* Debug */,
				DB60250E2138E4DC00A6CDF5 /* Release */,
			);
			defaultConfigurationIsVisible = 0;
			defaultConfigurationName = Release;
		};
/* End XCConfigurationList section */
	};
	rootObject = DB6024EE2138E4DB00A6CDF5 /* Project object */;
}
